
Microsoft Visual Studio Solution File, Format Version 12.00
# Visual Studio Version 16
VisualStudioVersion = 16.0.29411.108
MinimumVisualStudioVersion = 10.0.40219.1
Project("{FAE04EC0-301F-11D3-BF4B-00C04F79EFBC}") = "KnockoutMVCSample", "KnockoutMVCSample\KnockoutMVCSample.csproj", "{AC0BCCDD-1C21-43DF-BA07-99543C682856}"
EndProject
Project("{FAE04EC0-301F-11D3-BF4B-00C04F79EFBC}") = "InventorySalesSampleApi", "InventorySalesSampleApi\InventorySalesSampleApi.csproj", "{E1FA3D57-13DD-41E7-BC90-EB23F9BF0548}"
EndProject
Project("{FAE04EC0-301F-11D3-BF4B-00C04F79EFBC}") = "KnockoutMVCBootstrap", "KnockoutMVCBootstrap\KnockoutMVCBootstrap.csproj", "{06F1ED81-03CA-4874-935F-808191FF1268}"
EndProject
Project("{FAE04EC0-301F-11D3-BF4B-00C04F79EFBC}") = "InventorySalesDomain", "InventorySalesDomain\InventorySalesDomain.csproj", "{DAACC078-8D10-4563-AF25-62710E14D4CC}"
EndProject
Project("{FAE04EC0-301F-11D3-BF4B-00C04F79EFBC}") = "KnockoutMVCApplication", "KnockoutMVCApplication\KnockoutMVCApplication.csproj", "{6D7524A7-7E8E-4A00-A6DC-80183FB5198C}"
EndProject
Project("{FAE04EC0-301F-11D3-BF4B-00C04F79EFBC}") = "KnockoutMVCCommons", "KnockoutMVCCommons\KnockoutMVCCommons.csproj", "{DA8116F5-74A5-44E1-9AD5-31A0664A5D41}"
EndProject
Project("{2150E333-8FDC-42A3-9474-1A3956D46DE8}") = "Presentation", "Presentation", "{281121FE-F801-452F-9BE2-95459FFB4BEA}"
EndProject
Project("{2150E333-8FDC-42A3-9474-1A3956D46DE8}") = "Application", "Application", "{BA5B7567-B9D4-4D65-87B1-25A8E72EA973}"
EndProject
Project("{2150E333-8FDC-42A3-9474-1A3956D46DE8}") = "Domain", "Domain", "{C10F7E6B-314D-4BB7-AA17-86377BDB65DE}"
EndProject
Project("{2150E333-8FDC-42A3-9474-1A3956D46DE8}") = "CrossCuttingConcern", "CrossCuttingConcern", "{EA9DB056-103D-46F2-AAF0-4BAC91037E81}"
EndProject
Project("{2150E333-8FDC-42A3-9474-1A3956D46DE8}") = "Persistence", "Persistence", "{99CFC187-13E9-407A-8183-8DA57AE83940}"
EndProject
Project("{FAE04EC0-301F-11D3-BF4B-00C04F79EFBC}") = "KoRequireMVCSample", "KoRequireMVCSample\KoRequireMVCSample.csproj", "{6AEB7A8F-2CEC-4CEB-9FFD-46BD11F2DA58}"
EndProject
Global
	GlobalSection(SolutionConfigurationPlatforms) = preSolution
		Debug|Any CPU = Debug|Any CPU
		Release|Any CPU = Release|Any CPU
	EndGlobalSection
	GlobalSection(ProjectConfigurationPlatforms) = postSolution
		{AC0BCCDD-1C21-43DF-BA07-99543C682856}.Debug|Any CPU.ActiveCfg = Debug|Any CPU
		{AC0BCCDD-1C21-43DF-BA07-99543C682856}.Debug|Any CPU.Build.0 = Debug|Any CPU
		{AC0BCCDD-1C21-43DF-BA07-99543C682856}.Release|Any CPU.ActiveCfg = Release|Any CPU
		{AC0BCCDD-1C21-43DF-BA07-99543C682856}.Release|Any CPU.Build.0 = Release|Any CPU
		{E1FA3D57-13DD-41E7-BC90-EB23F9BF0548}.Debug|Any CPU.ActiveCfg = Debug|Any CPU
		{E1FA3D57-13DD-41E7-BC90-EB23F9BF0548}.Debug|Any CPU.Build.0 = Debug|Any CPU
		{E1FA3D57-13DD-41E7-BC90-EB23F9BF0548}.Release|Any CPU.ActiveCfg = Release|Any CPU
		{E1FA3D57-13DD-41E7-BC90-EB23F9BF0548}.Release|Any CPU.Build.0 = Release|Any CPU
		{06F1ED81-03CA-4874-935F-808191FF1268}.Debug|Any CPU.ActiveCfg = Debug|Any CPU
		{06F1ED81-03CA-4874-935F-808191FF1268}.Debug|Any CPU.Build.0 = Debug|Any CPU
		{06F1ED81-03CA-4874-935F-808191FF1268}.Release|Any CPU.ActiveCfg = Release|Any CPU
		{06F1ED81-03CA-4874-935F-808191FF1268}.Release|Any CPU.Build.0 = Release|Any CPU
		{DAACC078-8D10-4563-AF25-62710E14D4CC}.Debug|Any CPU.ActiveCfg = Debug|Any CPU
		{DAACC078-8D10-4563-AF25-62710E14D4CC}.Debug|Any CPU.Build.0 = Debug|Any CPU
		{DAACC078-8D10-4563-AF25-62710E14D4CC}.Release|Any CPU.ActiveCfg = Release|Any CPU
		{DAACC078-8D10-4563-AF25-62710E14D4CC}.Release|Any CPU.Build.0 = Release|Any CPU
		{6D7524A7-7E8E-4A00-A6DC-80183FB5198C}.Debug|Any CPU.ActiveCfg = Debug|Any CPU
		{6D7524A7-7E8E-4A00-A6DC-80183FB5198C}.Debug|Any CPU.Build.0 = Debug|Any CPU
		{6D7524A7-7E8E-4A00-A6DC-80183FB5198C}.Release|Any CPU.ActiveCfg = Release|Any CPU
		{6D7524A7-7E8E-4A00-A6DC-80183FB5198C}.Release|Any CPU.Build.0 = Release|Any CPU
		{DA8116F5-74A5-44E1-9AD5-31A0664A5D41}.Debug|Any CPU.ActiveCfg = Debug|Any CPU
		{DA8116F5-74A5-44E1-9AD5-31A0664A5D41}.Debug|Any CPU.Build.0 = Debug|Any CPU
		{DA8116F5-74A5-44E1-9AD5-31A0664A5D41}.Release|Any CPU.ActiveCfg = Release|Any CPU
		{DA8116F5-74A5-44E1-9AD5-31A0664A5D41}.Release|Any CPU.Build.0 = Release|Any CPU
		{6AEB7A8F-2CEC-4CEB-9FFD-46BD11F2DA58}.Debug|Any CPU.ActiveCfg = Debug|Any CPU
		{6AEB7A8F-2CEC-4CEB-9FFD-46BD11F2DA58}.Debug|Any CPU.Build.0 = Debug|Any CPU
		{6AEB7A8F-2CEC-4CEB-9FFD-46BD11F2DA58}.Release|Any CPU.ActiveCfg = Release|Any CPU
		{6AEB7A8F-2CEC-4CEB-9FFD-46BD11F2DA58}.Release|Any CPU.Build.0 = Release|Any CPU
	EndGlobalSection
	GlobalSection(SolutionProperties) = preSolution
		HideSolutionNode = FALSE
	EndGlobalSection
	GlobalSection(NestedProjects) = preSolution
		{AC0BCCDD-1C21-43DF-BA07-99543C682856} = {281121FE-F801-452F-9BE2-95459FFB4BEA}
		{E1FA3D57-13DD-41E7-BC90-EB23F9BF0548} = {99CFC187-13E9-407A-8183-8DA57AE83940}
		{06F1ED81-03CA-4874-935F-808191FF1268} = {EA9DB056-103D-46F2-AAF0-4BAC91037E81}
		{DAACC078-8D10-4563-AF25-62710E14D4CC} = {C10F7E6B-314D-4BB7-AA17-86377BDB65DE}
		{6D7524A7-7E8E-4A00-A6DC-80183FB5198C} = {BA5B7567-B9D4-4D65-87B1-25A8E72EA973}
		{DA8116F5-74A5-44E1-9AD5-31A0664A5D41} = {EA9DB056-103D-46F2-AAF0-4BAC91037E81}
		{6AEB7A8F-2CEC-4CEB-9FFD-46BD11F2DA58} = {281121FE-F801-452F-9BE2-95459FFB4BEA}
	EndGlobalSection
	GlobalSection(ExtensibilityGlobals) = postSolution
		SolutionGuid = {280A643C-A865-40E6-BEA9-062B5D0E0C67}
	EndGlobalSection
EndGlobal
